
Microsoft Visual Studio Solution File, Format Version 12.00
# Visual Studio Version 16
VisualStudioVersion = 16.0.33529.622
MinimumVisualStudioVersion = 10.0.40219.1
Project("{FAE04EC0-301F-11D3-BF4B-00C04F79EFBC}") = "SimpleBankInterface", "Bank\SimpleBankInterface.csproj", "{B1364D6F-3B98-4A15-B61B-FCCF83A3DCE2}"
EndProject
Project("{FAE04EC0-301F-11D3-BF4B-00C04F79EFBC}") = "SimpleCustomerAbstraction", "SimpleCustomerAbstraction\SimpleCustomerAbstraction.csproj", "{4BB3804E-CFDB-4C9B-B112-C68D46F079DC}"
EndProject
Global
	GlobalSection(SolutionConfigurationPlatforms) = preSolution
		Debug|Any CPU = Debug|Any CPU
		Release|Any CPU = Release|Any CPU
	EndGlobalSection
	GlobalSection(ProjectConfigurationPlatforms) = postSolution
		{B1364D6F-3B98-4A15-B61B-FCCF83A3DCE2}.Debug|Any CPU.ActiveCfg = Debug|Any CPU
		{B1364D6F-3B98-4A15-B61B-FCCF83A3DCE2}.Debug|Any CPU.Build.0 = Debug|Any CPU
		{B1364D6F-3B98-4A15-B61B-FCCF83A3DCE2}.Release|Any CPU.ActiveCfg = Release|Any CPU
		{B1364D6F-3B98-4A15-B61B-FCCF83A3DCE2}.Release|Any CPU.Build.0 = Release|Any CPU
		{4BB3804E-CFDB-4C9B-B112-C68D46F079DC}.Debug|Any CPU.ActiveCfg = Debug|Any CPU
		{4BB3804E-CFDB-4C9B-B112-C68D46F079DC}.Debug|Any CPU.Build.0 = Debug|Any CPU
		{4BB3804E-CFDB-4C9B-B112-C68D46F079DC}.Release|Any CPU.ActiveCfg = Release|Any CPU
		{4BB3804E-CFDB-4C9B-B112-C68D46F079DC}.Release|Any CPU.Build.0 = Release|Any CPU
	EndGlobalSection
	GlobalSection(SolutionProperties) = preSolution
		HideSolutionNode = FALSE
	EndGlobalSection
	GlobalSection(ExtensibilityGlobals) = postSolution
		SolutionGuid = {1FCD614C-0A60-4938-8426-066BDC6FA593}
	EndGlobalSection
EndGlobal
